// !$*UTF8*$!
{
	archiveVersion = 1;
	classes = {
	};
	objectVersion = 70;
	objects = {

/* Begin PBXBuildFile section */
		FF11F05A2FF1093D00F53071 /* WidgetKit.framework in Frameworks */ = {isa = PBXBuildFile; fileRef = FF11F0592FF1093D00F53071 /* WidgetKit.framework */; };
		FF11F05C2FF1093D00F53071 /* SwiftUI.framework in Frameworks */ = {isa = PBXBuildFile; fileRef = FF11F05B2FF1093D00F53071 /* SwiftUI.framework */; };
		FF11F0692FF1093F00F53071 /* FundraWidgetExtension.appex in Embed Foundation Extensions */ = {isa = PBXBuildFile; fileRef = FF11F0572FF1093D00F53071 /* FundraWidgetExtension.appex */; settings = {ATTRIBUTES = (RemoveHeadersOnCopy, ); }; };
/* End PBXBuildFile section */

/* Begin PBXContainerItemProxy section */
		FF11F0672FF1093F00F53071 /* PBXContainerItemProxy */ = {
			isa = PBXContainerItemProxy;
			containerPortal = FF875E622FDA23CC002D0F77 /* Project object */;
			proxyType = 1;
			remoteGlobalIDString = FF11F0562FF1093D00F53071;
			remoteInfo = FundraWidgetExtension;
		};
		FF875E7A2FDA23CD002D0F77 /* PBXContainerItemProxy */ = {
			isa = PBXContainerItemProxy;
			containerPortal = FF875E622FDA23CC002D0F77 /* Project object */;
			proxyType = 1;
			remoteGlobalIDString = FF875E692FDA23CC002D0F77;
			remoteInfo = Fundra;
		};
		FF875E842FDA23CD002D0F77 /* PBXContainerItemProxy */ = {
			isa = PBXContainerItemProxy;
			containerPortal = FF875E622FDA23CC002D0F77 /* Project object */;
			proxyType = 1;
			remoteGlobalIDString = FF875E692FDA23CC002D0F77;
			remoteInfo = Fundra;
		};
/* End PBXContainerItemProxy section */

/* Begin PBXCopyFilesBuildPhase section */
		FF11F06A2FF1093F00F53071 /* Embed Foundation Extensions */ = {
			isa = PBXCopyFilesBuildPhase;
			dstPath = "";
			dstSubfolder = PlugIns;
			files = (
				FF11F0692FF1093F00F53071 /* FundraWidgetExtension.appex in Embed Foundation Extensions */,
			);
			name = "Embed Foundation Extensions";
		};
/* End PBXCopyFilesBuildPhase section */

/* Begin PBXFileReference section */
		FF11F0572FF1093D00F53071 /* FundraWidgetExtension.appex */ = {isa = PBXFileReference; explicitFileType = "wrapper.app-extension"; includeInIndex = 0; path = FundraWidgetExtension.appex; sourceTree = BUILT_PRODUCTS_DIR; };
		FF11F0592FF1093D00F53071 /* WidgetKit.framework */ = {isa = PBXFileReference; lastKnownFileType = wrapper.framework; name = WidgetKit.framework; path = System/Library/Frameworks/WidgetKit.framework; sourceTree = SDKROOT; };
		FF11F05B2FF1093D00F53071 /* SwiftUI.framework */ = {isa = PBXFileReference; lastKnownFileType = wrapper.framework; name = SwiftUI.framework; path = System/Library/Frameworks/SwiftUI.framework; sourceTree = SDKROOT; };
		FF11F0882FF10BC700F53071 /* FundraWidgetExtension.entitlements */ = {isa = PBXFileReference; lastKnownFileType = text.plist.entitlements; path = FundraWidgetExtension.entitlements; sourceTree = "<group>"; };
		FF875E6A2FDA23CC002D0F77 /* Fundra.app */ = {isa = PBXFileReference; explicitFileType = wrapper.application; includeInIndex = 0; path = Fundra.app; sourceTree = BUILT_PRODUCTS_DIR; };
		FF875E792FDA23CD002D0F77 /* FundraTests.xctest */ = {isa = PBXFileReference; explicitFileType = wrapper.cfbundle; includeInIndex = 0; path = FundraTests.xctest; sourceTree = BUILT_PRODUCTS_DIR; };
		FF875E832FDA23CD002D0F77 /* FundraUITests.xctest */ = {isa = PBXFileReference; explicitFileType = wrapper.cfbundle; includeInIndex = 0; path = FundraUITests.xctest; sourceTree = BUILT_PRODUCTS_DIR; };
/* End PBXFileReference section */

/* Begin PBXFileSystemSynchronizedBuildFileExceptionSet section */
		FF11F06D2FF1093F00F53071 /* Exceptions for "FundraWidget" folder in "FundraWidgetExtension" target */ = {
			isa = PBXFileSystemSynchronizedBuildFileExceptionSet;
			membershipExceptions = (
				Info.plist,
			);
			target = FF11F0562FF1093D00F53071 /* FundraWidgetExtension */;
		};
/* End PBXFileSystemSynchronizedBuildFileExceptionSet section */

/* Begin PBXFileSystemSynchronizedRootGroup section */
		FF11F05D2FF1093D00F53071 /* FundraWidget */ = {
			isa = PBXFileSystemSynchronizedRootGroup;
			exceptions = (
				FF11F06D2FF1093F00F53071 /* Exceptions for "FundraWidget" folder in "FundraWidgetExtension" target */,
			);
			path = FundraWidget;
			sourceTree = "<group>";
		};
		FF11F0772FF10B6700F53071 /* FundraWidget */ = {
			isa = PBXFileSystemSynchronizedRootGroup;
			path = FundraWidget;
			sourceTree = "<group>";
		};
		FF875E6C2FDA23CC002D0F77 /* Fundra */ = {
			isa = PBXFileSystemSynchronizedRootGroup;
			path = Fundra;
			sourceTree = "<group>";
		};
		FF875E7C2FDA23CD002D0F77 /* FundraTests */ = {
			isa = PBXFileSystemSynchronizedRootGroup;
			path = FundraTests;
			sourceTree = "<group>";
		};
		FF875E862FDA23CD002D0F77 /* FundraUITests */ = {
			isa = PBXFileSystemSynchronizedRootGroup;
			path = FundraUITests;
			sourceTree = "<group>";
		};
/* End PBXFileSystemSynchronizedRootGroup section */

/* Begin PBXFrameworksBuildPhase section */
		FF11F0542FF1093D00F53071 /* Frameworks */ = {
			isa = PBXFrameworksBuildPhase;
			files = (
				FF11F05C2FF1093D00F53071 /* SwiftUI.framework in Frameworks */,
				FF11F05A2FF1093D00F53071 /* WidgetKit.framework in Frameworks */,
			);
		};
		FF875E672FDA23CC002D0F77 /* Frameworks */ = {
			isa = PBXFrameworksBuildPhase;
			files = (
			);
		};
		FF875E762FDA23CD002D0F77 /* Frameworks */ = {
			isa = PBXFrameworksBuildPhase;
			files = (
			);
		};
		FF875E802FDA23CD002D0F77 /* Frameworks */ = {
			isa = PBXFrameworksBuildPhase;
			files = (
			);
		};
/* End PBXFrameworksBuildPhase section */

/* Begin PBXGroup section */
		FF11F0582FF1093D00F53071 /* Frameworks */ = {
			isa = PBXGroup;
			children = (
				FF11F0592FF1093D00F53071 /* WidgetKit.framework */,
				FF11F05B2FF1093D00F53071 /* SwiftUI.framework */,
			);
			name = Frameworks;
			sourceTree = "<group>";
		};
		FF875E612FDA23CC002D0F77 = {
			isa = PBXGroup;
			children = (
				FF11F0882FF10BC700F53071 /* FundraWidgetExtension.entitlements */,
				FF875E6C2FDA23CC002D0F77 /* Fundra */,
				FF875E7C2FDA23CD002D0F77 /* FundraTests */,
				FF875E862FDA23CD002D0F77 /* FundraUITests */,
				FF11F05D2FF1093D00F53071 /* FundraWidget */,
				FF11F0772FF10B6700F53071 /* FundraWidget */,
				FF11F0582FF1093D00F53071 /* Frameworks */,
				FF875E6B2FDA23CC002D0F77 /* Products */,
			);
			sourceTree = "<group>";
		};
		FF875E6B2FDA23CC002D0F77 /* Products */ = {
			isa = PBXGroup;
			children = (
				FF875E6A2FDA23CC002D0F77 /* Fundra.app */,
				FF875E792FDA23CD002D0F77 /* FundraTests.xctest */,
				FF875E832FDA23CD002D0F77 /* FundraUITests.xctest */,
				FF11F0572FF1093D00F53071 /* FundraWidgetExtension.appex */,
			);
			name = Products;
			sourceTree = "<group>";
		};
/* End PBXGroup section */

/* Begin PBXNativeTarget section */
		FF11F0562FF1093D00F53071 /* FundraWidgetExtension */ = {
			isa = PBXNativeTarget;
			buildConfigurationList = FF11F06E2FF1093F00F53071 /* Build configuration list for PBXNativeTarget "FundraWidgetExtension" */;
			buildPhases = (
				FF11F0532FF1093D00F53071 /* Sources */,
				FF11F0542FF1093D00F53071 /* Frameworks */,
				FF11F0552FF1093D00F53071 /* Resources */,
			);
			buildRules = (
			);
			fileSystemSynchronizedGroups = (
				FF11F05D2FF1093D00F53071 /* FundraWidget */,
			);
			name = FundraWidgetExtension;
			productName = FundraWidgetExtension;
			productReference = FF11F0572FF1093D00F53071 /* FundraWidgetExtension.appex */;
			productType = "com.apple.product-type.app-extension";
		};
		FF875E692FDA23CC002D0F77 /* Fundra */ = {
			isa = PBXNativeTarget;
			buildConfigurationList = FF875E8B2FDA23CD002D0F77 /* Build configuration list for PBXNativeTarget "Fundra" */;
			buildPhases = (
				FF875E662FDA23CC002D0F77 /* Sources */,
				FF875E672FDA23CC002D0F77 /* Frameworks */,
				FF875E682FDA23CC002D0F77 /* Resources */,
				FF11F06A2FF1093F00F53071 /* Embed Foundation Extensions */,
			);
			buildRules = (
			);
			dependencies = (
				FF11F0682FF1093F00F53071 /* PBXTargetDependency */,
			);
			fileSystemSynchronizedGroups = (
				FF875E6C2FDA23CC002D0F77 /* Fundra */,
			);
			name = Fundra;
			productName = Fundra;
			productReference = FF875E6A2FDA23CC002D0F77 /* Fundra.app */;
			productType = "com.apple.product-type.application";
		};
		FF875E782FDA23CD002D0F77 /* FundraTests */ = {
			isa = PBXNativeTarget;
			buildConfigurationList = FF875E8E2FDA23CD002D0F77 /* Build configuration list for PBXNativeTarget "FundraTests" */;
			buildPhases = (
				FF875E752FDA23CD002D0F77 /* Sources */,
				FF875E762FDA23CD002D0F77 /* Frameworks */,
				FF875E772FDA23CD002D0F77 /* Resources */,
			);
			buildRules = (
			);
			dependencies = (
				FF875E7B2FDA23CD002D0F77 /* PBXTargetDependency */,
			);
			fileSystemSynchronizedGroups = (
				FF875E7C2FDA23CD002D0F77 /* FundraTests */,
			);
			name = FundraTests;
			productName = FundraTests;
			productReference = FF875E792FDA23CD002D0F77 /* FundraTests.xctest */;
			productType = "com.apple.product-type.bundle.unit-test";
		};
		FF875E822FDA23CD002D0F77 /* FundraUITests */ = {
			isa = PBXNativeTarget;
			buildConfigurationList = FF875E912FDA23CD002D0F77 /* Build configuration list for PBXNativeTarget "FundraUITests" */;
			buildPhases = (
				FF875E7F2FDA23CD002D0F77 /* Sources */,
				FF875E802FDA23CD002D0F77 /* Frameworks */,
				FF875E812FDA23CD002D0F77 /* Resources */,
			);
			buildRules = (
			);
			dependencies = (
				FF875E852FDA23CD002D0F77 /* PBXTargetDependency */,
			);
			fileSystemSynchronizedGroups = (
				FF875E862FDA23CD002D0F77 /* FundraUITests */,
			);
			name = FundraUITests;
			productName = FundraUITests;
			productReference = FF875E832FDA23CD002D0F77 /* FundraUITests.xctest */;
			productType = "com.apple.product-type.bundle.ui-testing";
		};
/* End PBXNativeTarget section */

/* Begin PBXProject section */
		FF875E622FDA23CC002D0F77 /* Project object */ = {
			isa = PBXProject;
			attributes = {
				BuildIndependentTargetsInParallel = 1;
				LastSwiftUpdateCheck = 2700;
				LastUpgradeCheck = 2700;
				TargetAttributes = {
					FF11F0562FF1093D00F53071 = {
						CreatedOnToolsVersion = 27.0;
					};
					FF875E692FDA23CC002D0F77 = {
						CreatedOnToolsVersion = 27.0;
					};
					FF875E782FDA23CD002D0F77 = {
						CreatedOnToolsVersion = 27.0;
						TestTargetID = FF875E692FDA23CC002D0F77;
					};
					FF875E822FDA23CD002D0F77 = {
						CreatedOnToolsVersion = 27.0;
						TestTargetID = FF875E692FDA23CC002D0F77;
					};
				};
			};
			buildConfigurationList = FF875E652FDA23CC002D0F77 /* Build configuration list for PBXProject "Fundra" */;
			developmentRegion = en;
			hasScannedForEncodings = 0;
			knownRegions = (
				en,
				Base,
			);
			mainGroup = FF875E612FDA23CC002D0F77;
			minimizedProjectReferenceProxies = 1;
			preferredProjectObjectVersion = 77;
			productRefGroup = FF875E6B2FDA23CC002D0F77 /* Products */;
			projectDirPath = "";
			projectRoot = "";
			targets = (
				FF875E692FDA23CC002D0F77 /* Fundra */,
				FF875E782FDA23CD002D0F77 /* FundraTests */,
				FF875E822FDA23CD002D0F77 /* FundraUITests */,
				FF11F0562FF1093D00F53071 /* FundraWidgetExtension */,
			);
		};
/* End PBXProject section */

/* Begin PBXResourcesBuildPhase section */
		FF11F0552FF1093D00F53071 /* Resources */ = {
			isa = PBXResourcesBuildPhase;
			files = (
			);
		};
		FF875E682FDA23CC002D0F77 /* Resources */ = {
			isa = PBXResourcesBuildPhase;
			files = (
			);
		};
		FF875E772FDA23CD002D0F77 /* Resources */ = {
			isa = PBXResourcesBuildPhase;
			files = (
			);
		};
		FF875E812FDA23CD002D0F77 /* Resources */ = {
			isa = PBXResourcesBuildPhase;
			files = (
			);
		};
/* End PBXResourcesBuildPhase section */

/* Begin PBXSourcesBuildPhase section */
		FF11F0532FF1093D00F53071 /* Sources */ = {
			isa = PBXSourcesBuildPhase;
			files = (
			);
		};
		FF875E662FDA23CC002D0F77 /* Sources */ = {
			isa = PBXSourcesBuildPhase;
			files = (
			);
		};
		FF875E752FDA23CD002D0F77 /* Sources */ = {
			isa = PBXSourcesBuildPhase;
			files = (
			);
		};
		FF875E7F2FDA23CD002D0F77 /* Sources */ = {
			isa = PBXSourcesBuildPhase;
			files = (
			);
		};
/* End PBXSourcesBuildPhase section */

/* Begin PBXTargetDependency section */
		FF11F0682FF1093F00F53071 /* PBXTargetDependency */ = {
			isa = PBXTargetDependency;
			target = FF11F0562FF1093D00F53071 /* FundraWidgetExtension */;
			targetProxy = FF11F0672FF1093F00F53071 /* PBXContainerItemProxy */;
		};
		FF875E7B2FDA23CD002D0F77 /* PBXTargetDependency */ = {
			isa = PBXTargetDependency;
			target = FF875E692FDA23CC002D0F77 /* Fundra */;
			targetProxy = FF875E7A2FDA23CD002D0F77 /* PBXContainerItemProxy */;
		};
		FF875E852FDA23CD002D0F77 /* PBXTargetDependency */ = {
			isa = PBXTargetDependency;
			target = FF875E692FDA23CC002D0F77 /* Fundra */;
			targetProxy = FF875E842FDA23CD002D0F77 /* PBXContainerItemProxy */;
		};
/* End PBXTargetDependency section */

/* Begin XCBuildConfiguration section */
		FF11F06B2FF1093F00F53071 /* Debug configuration for PBXNativeTarget "FundraWidgetExtension" */ = {
			isa = XCBuildConfiguration;
			buildSettings = {
				ASSETCATALOG_COMPILER_GLOBAL_ACCENT_COLOR_NAME = AccentColor;
				ASSETCATALOG_COMPILER_WIDGET_BACKGROUND_COLOR_NAME = WidgetBackground;
				CODE_SIGN_ENTITLEMENTS = FundraWidgetExtension.entitlements;
				CODE_SIGN_STYLE = Automatic;
				CURRENT_PROJECT_VERSION = 37;
				DEVELOPMENT_TEAM = 2P7S7U7G2G;
				GENERATE_INFOPLIST_FILE = YES;
				INFOPLIST_FILE = FundraWidget/Info.plist;
				INFOPLIST_KEY_CFBundleDisplayName = FundraWidget;
				INFOPLIST_KEY_NSHumanReadableCopyright = "";
				IPHONEOS_DEPLOYMENT_TARGET = 18.6;
				LD_RUNPATH_SEARCH_PATHS = (
					"$(inherited)",
					"@executable_path/Frameworks",
					"@executable_path/../../Frameworks",
				);
				MARKETING_VERSION = 1.2.1;
				PRODUCT_BUNDLE_IDENTIFIER = com.fundra.app.Fundra.FundraWidget;
				PRODUCT_NAME = "$(TARGET_NAME)";
				REGISTER_APP_GROUPS = YES;
				SDKROOT = iphoneos;
				SKIP_INSTALL = YES;
				STRING_CATALOG_GENERATE_SYMBOLS = YES;
				SWIFT_APPROACHABLE_CONCURRENCY = YES;
				SWIFT_EMIT_LOC_STRINGS = YES;
				SWIFT_UPCOMING_FEATURE_MEMBER_IMPORT_VISIBILITY = YES;
				SWIFT_VERSION = 5.0;
				TARGETED_DEVICE_FAMILY = "1,2";
			};
			name = Debug;
		};
		FF11F06C2FF1093F00F53071 /* Release configuration for PBXNativeTarget "FundraWidgetExtension" */ = {
			isa = XCBuildConfiguration;
			buildSettings = {
				ASSETCATALOG_COMPILER_GLOBAL_ACCENT_COLOR_NAME = AccentColor;
				ASSETCATALOG_COMPILER_WIDGET_BACKGROUND_COLOR_NAME = WidgetBackground;
				CODE_SIGN_ENTITLEMENTS = FundraWidgetExtension.entitlements;
				CODE_SIGN_STYLE = Automatic;
				CURRENT_PROJECT_VERSION = 37;
				DEVELOPMENT_TEAM = 2P7S7U7G2G;
				GENERATE_INFOPLIST_FILE = YES;
				INFOPLIST_FILE = FundraWidget/Info.plist;
				INFOPLIST_KEY_CFBundleDisplayName = FundraWidget;
				INFOPLIST_KEY_NSHumanReadableCopyright = "";
				IPHONEOS_DEPLOYMENT_TARGET = 18.6;
				LD_RUNPATH_SEARCH_PATHS = (
					"$(inherited)",
					"@executable_path/Frameworks",
					"@executable_path/../../Frameworks",
				);
				MARKETING_VERSION = 1.2.1;
				PRODUCT_BUNDLE_IDENTIFIER = com.fundra.app.Fundra.FundraWidget;
				PRODUCT_NAME = "$(TARGET_NAME)";
				REGISTER_APP_GROUPS = YES;
				SDKROOT = iphoneos;
				SKIP_INSTALL = YES;
				STRING_CATALOG_GENERATE_SYMBOLS = YES;
				SWIFT_APPROACHABLE_CONCURRENCY = YES;
				SWIFT_EMIT_LOC_STRINGS = YES;
				SWIFT_UPCOMING_FEATURE_MEMBER_IMPORT_VISIBILITY = YES;
				SWIFT_VERSION = 5.0;
				TARGETED_DEVICE_FAMILY = "1,2";
				VALIDATE_PRODUCT = YES;
			};
			name = Release;
		};
		FF875E892FDA23CD002D0F77 /* Debug configuration for PBXProject "Fundra" */ = {
			isa = XCBuildConfiguration;
			buildSettings = {
				ALWAYS_SEARCH_USER_PATHS = NO;
				ASSETCATALOG_COMPILER_GENERATE_SWIFT_ASSET_SYMBOL_EXTENSIONS = YES;
				CLANG_ANALYZER_NONNULL = YES;
				CLANG_ANALYZER_NUMBER_OBJECT_CONVERSION = YES_AGGRESSIVE;
				CLANG_CXX_LANGUAGE_STANDARD = "gnu++20";
				CLANG_ENABLE_MODULES = YES;
				CLANG_ENABLE_OBJC_ARC = YES;
				CLANG_ENABLE_OBJC_WEAK = YES;
				CLANG_WARN_BLOCK_CAPTURE_AUTORELEASING = YES;
				CLANG_WARN_BOOL_CONVERSION = YES;
				CLANG_WARN_COMMA = YES;
				CLANG_WARN_CONSTANT_CONVERSION = YES;
				CLANG_WARN_DEPRECATED_OBJC_IMPLEMENTATIONS = YES;
				CLANG_WARN_DIRECT_OBJC_ISA_USAGE = YES_ERROR;
				CLANG_WARN_DOCUMENTATION_COMMENTS = YES;
				CLANG_WARN_EMPTY_BODY = YES;
				CLANG_WARN_ENUM_CONVERSION = YES;
				CLANG_WARN_INFINITE_RECURSION = YES;
				CLANG_WARN_INT_CONVERSION = YES;
				CLANG_WARN_NON_LITERAL_NULL_CONVERSION = YES;
				CLANG_WARN_OBJC_IMPLICIT_RETAIN_SELF = YES;
				CLANG_WARN_OBJC_LITERAL_CONVERSION = YES;
				CLANG_WARN_OBJC_ROOT_CLASS = YES_ERROR;
				CLANG_WARN_QUOTED_INCLUDE_IN_FRAMEWORK_HEADER = YES;
				CLANG_WARN_RANGE_LOOP_ANALYSIS = YES;
				CLANG_WARN_STRICT_PROTOTYPES = YES;
				CLANG_WARN_SUSPICIOUS_MOVE = YES;
				CLANG_WARN_UNGUARDED_AVAILABILITY = YES_AGGRESSIVE;
				CLANG_WARN_UNREACHABLE_CODE = YES;
				CLANG_WARN__DUPLICATE_METHOD_MATCH = YES;
				COPY_PHASE_STRIP = NO;
				DEBUG_INFORMATION_FORMAT = dwarf;
				DEVELOPMENT_TEAM = 2P7S7U7G2G;
				ENABLE_STRICT_OBJC_MSGSEND = YES;
				ENABLE_TESTABILITY = YES;
				ENABLE_USER_SCRIPT_SANDBOXING = YES;
				GCC_C_LANGUAGE_STANDARD = gnu17;
				GCC_DYNAMIC_NO_PIC = NO;
				GCC_NO_COMMON_BLOCKS = YES;
				GCC_OPTIMIZATION_LEVEL = 0;
				GCC_PREPROCESSOR_DEFINITIONS = (
					"DEBUG=1",
					"$(inherited)",
				);
				GCC_WARN_64_TO_32_BIT_CONVERSION = YES;
				GCC_WARN_ABOUT_RETURN_TYPE = YES_ERROR;
				GCC_WARN_UNDECLARED_SELECTOR = YES;
				GCC_WARN_UNINITIALIZED_AUTOS = YES_AGGRESSIVE;
				GCC_WARN_UNUSED_FUNCTION = YES;
				GCC_WARN_UNUSED_VARIABLE = YES;
				LOCALIZATION_PREFERS_STRING_CATALOGS = YES;
				MTL_ENABLE_DEBUG_INFO = INCLUDE_SOURCE;
				MTL_FAST_MATH = YES;
				ONLY_ACTIVE_ARCH = YES;
				SWIFT_ACTIVE_COMPILATION_CONDITIONS = "DEBUG $(inherited)";
				SWIFT_OPTIMIZATION_LEVEL = "-Onone";
			};
			name = Debug;
		};
		FF875E8A2FDA23CD002D0F77 /* Release configuration for PBXProject "Fundra" */ = {
			isa = XCBuildConfiguration;
			buildSettings = {
				ALWAYS_SEARCH_USER_PATHS = NO;
				ASSETCATALOG_COMPILER_GENERATE_SWIFT_ASSET_SYMBOL_EXTENSIONS = YES;
				CLANG_ANALYZER_NONNULL = YES;
				CLANG_ANALYZER_NUMBER_OBJECT_CONVERSION = YES_AGGRESSIVE;
				CLANG_CXX_LANGUAGE_STANDARD = "gnu++20";
				CLANG_ENABLE_MODULES = YES;
				CLANG_ENABLE_OBJC_ARC = YES;
				CLANG_ENABLE_OBJC_WEAK = YES;
				CLANG_WARN_BLOCK_CAPTURE_AUTORELEASING = YES;
				CLANG_WARN_BOOL_CONVERSION = YES;
				CLANG_WARN_COMMA = YES;
				CLANG_WARN_CONSTANT_CONVERSION = YES;
				CLANG_WARN_DEPRECATED_OBJC_IMPLEMENTATIONS = YES;
				CLANG_WARN_DIRECT_OBJC_ISA_USAGE = YES_ERROR;
				CLANG_WARN_DOCUMENTATION_COMMENTS = YES;
				CLANG_WARN_EMPTY_BODY = YES;
				CLANG_WARN_ENUM_CONVERSION = YES;
				CLANG_WARN_INFINITE_RECURSION = YES;
				CLANG_WARN_INT_CONVERSION = YES;
				CLANG_WARN_NON_LITERAL_NULL_CONVERSION = YES;
				CLANG_WARN_OBJC_IMPLICIT_RETAIN_SELF = YES;
				CLANG_WARN_OBJC_LITERAL_CONVERSION = YES;
				CLANG_WARN_OBJC_ROOT_CLASS = YES_ERROR;
				CLANG_WARN_QUOTED_INCLUDE_IN_FRAMEWORK_HEADER = YES;
				CLANG_WARN_RANGE_LOOP_ANALYSIS = YES;
				CLANG_WARN_STRICT_PROTOTYPES = YES;
				CLANG_WARN_SUSPICIOUS_MOVE = YES;
				CLANG_WARN_UNGUARDED_AVAILABILITY = YES_AGGRESSIVE;
				CLANG_WARN_UNREACHABLE_CODE = YES;
				CLANG_WARN__DUPLICATE_METHOD_MATCH = YES;
				COPY_PHASE_STRIP = NO;
				DEBUG_INFORMATION_FORMAT = "dwarf-with-dsym";
				DEVELOPMENT_TEAM = 2P7S7U7G2G;
				ENABLE_NS_ASSERTIONS = NO;
				ENABLE_STRICT_OBJC_MSGSEND = YES;
				ENABLE_USER_SCRIPT_SANDBOXING = YES;
				GCC_C_LANGUAGE_STANDARD = gnu17;
				GCC_NO_COMMON_BLOCKS = YES;
				GCC_WARN_64_TO_32_BIT_CONVERSION = YES;
				GCC_WARN_ABOUT_RETURN_TYPE = YES_ERROR;
				GCC_WARN_UNDECLARED_SELECTOR = YES;
				GCC_WARN_UNINITIALIZED_AUTOS = YES_AGGRESSIVE;
				GCC_WARN_UNUSED_FUNCTION = YES;
				GCC_WARN_UNUSED_VARIABLE = YES;
				LOCALIZATION_PREFERS_STRING_CATALOGS = YES;
				MTL_ENABLE_DEBUG_INFO = NO;
				MTL_FAST_MATH = YES;
				SWIFT_COMPILATION_MODE = wholemodule;
			};
			name = Release;
		};
		FF875E8C2FDA23CD002D0F77 /* Debug configuration for PBXNativeTarget "Fundra" */ = {
			isa = XCBuildConfiguration;
			buildSettings = {
				ASSETCATALOG_COMPILER_APPICON_NAME = AppIcon;
				ASSETCATALOG_COMPILER_GLOBAL_ACCENT_COLOR_NAME = AccentColor;
				CODE_SIGN_ENTITLEMENTS = Fundra/Fundra.entitlements;
				CODE_SIGN_STYLE = Automatic;
				CURRENT_PROJECT_VERSION = 37;
				DEVELOPMENT_TEAM = 2P7S7U7G2G;
				ENABLE_APP_SANDBOX = YES;
				ENABLE_HARDENED_RUNTIME = YES;
				ENABLE_PREVIEWS = YES;
				ENABLE_USER_SELECTED_FILES = readonly;
				GENERATE_INFOPLIST_FILE = YES;
				INFOPLIST_KEY_NSFaceIDUsageDescription = "Fundra uses Face ID to protect your savings data";
				INFOPLIST_KEY_NSPhotoLibraryAddUsageDescription = "Fundra needs access to save your chart to Photos";
				"INFOPLIST_KEY_UIApplicationSceneManifest_Generation[sdk=iphoneos*]" = YES;
				"INFOPLIST_KEY_UIApplicationSceneManifest_Generation[sdk=iphonesimulator*]" = YES;
				"INFOPLIST_KEY_UIApplicationSupportsIndirectInputEvents[sdk=iphoneos*]" = YES;
				"INFOPLIST_KEY_UIApplicationSupportsIndirectInputEvents[sdk=iphonesimulator*]" = YES;
				"INFOPLIST_KEY_UILaunchScreen_Generation[sdk=iphoneos*]" = YES;
				"INFOPLIST_KEY_UILaunchScreen_Generation[sdk=iphonesimulator*]" = YES;
				"INFOPLIST_KEY_UIStatusBarStyle[sdk=iphoneos*]" = UIStatusBarStyleDefault;
				"INFOPLIST_KEY_UIStatusBarStyle[sdk=iphonesimulator*]" = UIStatusBarStyleDefault;
				INFOPLIST_KEY_UISupportedInterfaceOrientations_iPad = "UIInterfaceOrientationPortrait UIInterfaceOrientationPortraitUpsideDown UIInterfaceOrientationLandscapeLeft UIInterfaceOrientationLandscapeRight";
				INFOPLIST_KEY_UISupportedInterfaceOrientations_iPhone = UIInterfaceOrientationPortrait;
				IPHONEOS_DEPLOYMENT_TARGET = 18.0;
				LD_RUNPATH_SEARCH_PATHS = "@executable_path/Frameworks";
				"LD_RUNPATH_SEARCH_PATHS[sdk=macosx*]" = "@executable_path/../Frameworks";
				MACOSX_DEPLOYMENT_TARGET = 27.0;
				MARKETING_VERSION = 1.2.1;
				PRODUCT_BUNDLE_IDENTIFIER = com.fundra.app.Fundra;
				PRODUCT_NAME = "$(TARGET_NAME)";
				REGISTER_APP_GROUPS = YES;
				SDKROOT = auto;
				STRING_CATALOG_GENERATE_SYMBOLS = YES;
				SUPPORTED_PLATFORMS = "iphoneos iphonesimulator";
				SWIFT_APPROACHABLE_CONCURRENCY = YES;
				SWIFT_DEFAULT_ACTOR_ISOLATION = MainActor;
				SWIFT_EMIT_LOC_STRINGS = YES;
				SWIFT_UPCOMING_FEATURE_MEMBER_IMPORT_VISIBILITY = YES;
				SWIFT_VERSION = 5.0;
				TARGETED_DEVICE_FAMILY = 1;
				XROS_DEPLOYMENT_TARGET = 27.0;
			};
			name = Debug;
		};
		FF875E8D2FDA23CD002D0F77 /* Release configuration for PBXNativeTarget "Fundra" */ = {
			isa = XCBuildConfiguration;
			buildSettings = {
				ASSETCATALOG_COMPILER_APPICON_NAME = AppIcon;
				ASSETCATALOG_COMPILER_GLOBAL_ACCENT_COLOR_NAME = AccentColor;
				CODE_SIGN_ENTITLEMENTS = Fundra/Fundra.entitlements;
				CODE_SIGN_STYLE = Automatic;
				CURRENT_PROJECT_VERSION = 37;
				DEVELOPMENT_TEAM = 2P7S7U7G2G;
				"DEVELOPMENT_TEAM[sdk=*]" = 2P7S7U7G2G;
				ENABLE_APP_SANDBOX = YES;
				ENABLE_HARDENED_RUNTIME = YES;
				ENABLE_PREVIEWS = YES;
				ENABLE_USER_SELECTED_FILES = readonly;
				GENERATE_INFOPLIST_FILE = YES;
				INFOPLIST_KEY_NSFaceIDUsageDescription = "Fundra uses Face ID to protect your savings data";
				INFOPLIST_KEY_NSPhotoLibraryAddUsageDescription = "Fundra needs access to save your chart to Photos";
				"INFOPLIST_KEY_UIApplicationSceneManifest_Generation[sdk=iphoneos*]" = YES;
				"INFOPLIST_KEY_UIApplicationSceneManifest_Generation[sdk=iphonesimulator*]" = YES;
				"INFOPLIST_KEY_UIApplicationSupportsIndirectInputEvents[sdk=iphoneos*]" = YES;
				"INFOPLIST_KEY_UIApplicationSupportsIndirectInputEvents[sdk=iphonesimulator*]" = YES;
				"INFOPLIST_KEY_UILaunchScreen_Generation[sdk=iphoneos*]" = YES;
				"INFOPLIST_KEY_UILaunchScreen_Generation[sdk=iphonesimulator*]" = YES;
				"INFOPLIST_KEY_UIStatusBarStyle[sdk=iphoneos*]" = UIStatusBarStyleDefault;
				"INFOPLIST_KEY_UIStatusBarStyle[sdk=iphonesimulator*]" = UIStatusBarStyleDefault;
				INFOPLIST_KEY_UISupportedInterfaceOrientations_iPad = "UIInterfaceOrientationPortrait UIInterfaceOrientationPortraitUpsideDown UIInterfaceOrientationLandscapeLeft UIInterfaceOrientationLandscapeRight";
				INFOPLIST_KEY_UISupportedInterfaceOrientations_iPhone = UIInterfaceOrientationPortrait;
				IPHONEOS_DEPLOYMENT_TARGET = 18.0;
				LD_RUNPATH_SEARCH_PATHS = "@executable_path/Frameworks";
				"LD_RUNPATH_SEARCH_PATHS[sdk=macosx*]" = "@executable_path/../Frameworks";
				MACOSX_DEPLOYMENT_TARGET = 27.0;
				MARKETING_VERSION = 1.2.1;
				PRODUCT_BUNDLE_IDENTIFIER = com.fundra.app.Fundra;
				PRODUCT_NAME = "$(TARGET_NAME)";
				REGISTER_APP_GROUPS = YES;
				SDKROOT = auto;
				STRING_CATALOG_GENERATE_SYMBOLS = YES;
				SUPPORTED_PLATFORMS = "iphoneos iphonesimulator";
				SWIFT_APPROACHABLE_CONCURRENCY = YES;
				SWIFT_DEFAULT_ACTOR_ISOLATION = MainActor;
				SWIFT_EMIT_LOC_STRINGS = YES;
				SWIFT_UPCOMING_FEATURE_MEMBER_IMPORT_VISIBILITY = YES;
				SWIFT_VERSION = 5.0;
				TARGETED_DEVICE_FAMILY = 1;
				XROS_DEPLOYMENT_TARGET = 27.0;
			};
			name = Release;
		};
		FF875E8F2FDA23CD002D0F77 /* Debug configuration for PBXNativeTarget "FundraTests" */ = {
			isa = XCBuildConfiguration;
			buildSettings = {
				BUNDLE_LOADER = "$(TEST_HOST)";
				CODE_SIGN_STYLE = Automatic;
				CURRENT_PROJECT_VERSION = 1;
				DEVELOPMENT_TEAM = 2P7S7U7G2G;
				GENERATE_INFOPLIST_FILE = YES;
				IPHONEOS_DEPLOYMENT_TARGET = 18.0;
				MACOSX_DEPLOYMENT_TARGET = 27.0;
				MARKETING_VERSION = 1.0;
				PRODUCT_BUNDLE_IDENTIFIER = com.fundra.app.FundraTests;
				PRODUCT_NAME = "$(TARGET_NAME)";
				SDKROOT = auto;
				STRING_CATALOG_GENERATE_SYMBOLS = NO;
				SUPPORTED_PLATFORMS = "iphoneos iphonesimulator macosx xros xrsimulator";
				SWIFT_APPROACHABLE_CONCURRENCY = YES;
				SWIFT_EMIT_LOC_STRINGS = NO;
				SWIFT_UPCOMING_FEATURE_MEMBER_IMPORT_VISIBILITY = YES;
				SWIFT_VERSION = 5.0;
				TARGETED_DEVICE_FAMILY = "1,2,7";
				TEST_HOST = "$(BUILT_PRODUCTS_DIR)/Fundra.app/$(BUNDLE_EXECUTABLE_FOLDER_PATH)/Fundra";
				XROS_DEPLOYMENT_TARGET = 27.0;
			};
			name = Debug;
		};
		FF875E902FDA23CD002D0F77 /* Release configuration for PBXNativeTarget "FundraTests" */ = {
			isa = XCBuildConfiguration;
			buildSettings = {
				BUNDLE_LOADER = "$(TEST_HOST)";
				CODE_SIGN_STYLE = Automatic;
				CURRENT_PROJECT_VERSION = 1;
				DEVELOPMENT_TEAM = 2P7S7U7G2G;
				GENERATE_INFOPLIST_FILE = YES;
				IPHONEOS_DEPLOYMENT_TARGET = 18.0;
				MACOSX_DEPLOYMENT_TARGET = 27.0;
				MARKETING_VERSION = 1.0;
				PRODUCT_BUNDLE_IDENTIFIER = com.fundra.app.FundraTests;
				PRODUCT_NAME = "$(TARGET_NAME)";
				SDKROOT = auto;
				STRING_CATALOG_GENERATE_SYMBOLS = NO;
				SUPPORTED_PLATFORMS = "iphoneos iphonesimulator macosx xros xrsimulator";
				SWIFT_APPROACHABLE_CONCURRENCY = YES;
				SWIFT_EMIT_LOC_STRINGS = NO;
				SWIFT_UPCOMING_FEATURE_MEMBER_IMPORT_VISIBILITY = YES;
				SWIFT_VERSION = 5.0;
				TARGETED_DEVICE_FAMILY = "1,2,7";
				TEST_HOST = "$(BUILT_PRODUCTS_DIR)/Fundra.app/$(BUNDLE_EXECUTABLE_FOLDER_PATH)/Fundra";
				XROS_DEPLOYMENT_TARGET = 27.0;
			};
			name = Release;
		};
		FF875E922FDA23CD002D0F77 /* Debug configuration for PBXNativeTarget "FundraUITests" */ = {
			isa = XCBuildConfiguration;
			buildSettings = {
				CODE_SIGN_STYLE = Automatic;
				CURRENT_PROJECT_VERSION = 1;
				DEVELOPMENT_TEAM = 2P7S7U7G2G;
				GENERATE_INFOPLIST_FILE = YES;
				IPHONEOS_DEPLOYMENT_TARGET = 18.0;
				MACOSX_DEPLOYMENT_TARGET = 27.0;
				MARKETING_VERSION = 1.0;
				PRODUCT_BUNDLE_IDENTIFIER = com.fundra.app.FundraUITests;
				PRODUCT_NAME = "$(TARGET_NAME)";
				SDKROOT = auto;
				STRING_CATALOG_GENERATE_SYMBOLS = NO;
				SUPPORTED_PLATFORMS = "iphoneos iphonesimulator macosx xros xrsimulator";
				SWIFT_APPROACHABLE_CONCURRENCY = YES;
				SWIFT_EMIT_LOC_STRINGS = NO;
				SWIFT_UPCOMING_FEATURE_MEMBER_IMPORT_VISIBILITY = YES;
				SWIFT_VERSION = 5.0;
				TARGETED_DEVICE_FAMILY = "1,2,7";
				TEST_TARGET_NAME = Fundra;
				XROS_DEPLOYMENT_TARGET = 27.0;
			};
			name = Debug;
		};
		FF875E932FDA23CD002D0F77 /* Release configuration for PBXNativeTarget "FundraUITests" */ = {
			isa = XCBuildConfiguration;
			buildSettings = {
				CODE_SIGN_STYLE = Automatic;
				CURRENT_PROJECT_VERSION = 1;
				DEVELOPMENT_TEAM = 2P7S7U7G2G;
				GENERATE_INFOPLIST_FILE = YES;
				IPHONEOS_DEPLOYMENT_TARGET = 18.0;
				MACOSX_DEPLOYMENT_TARGET = 27.0;
				MARKETING_VERSION = 1.0;
				PRODUCT_BUNDLE_IDENTIFIER = com.fundra.app.FundraUITests;
				PRODUCT_NAME = "$(TARGET_NAME)";
				SDKROOT = auto;
				STRING_CATALOG_GENERATE_SYMBOLS = NO;
				SUPPORTED_PLATFORMS = "iphoneos iphonesimulator macosx xros xrsimulator";
				SWIFT_APPROACHABLE_CONCURRENCY = YES;
				SWIFT_EMIT_LOC_STRINGS = NO;
				SWIFT_UPCOMING_FEATURE_MEMBER_IMPORT_VISIBILITY = YES;
				SWIFT_VERSION = 5.0;
				TARGETED_DEVICE_FAMILY = "1,2,7";
				TEST_TARGET_NAME = Fundra;
				XROS_DEPLOYMENT_TARGET = 27.0;
			};
			name = Release;
		};
/* End XCBuildConfiguration section */

/* Begin XCConfigurationList section */
		FF11F06E2FF1093F00F53071 /* Build configuration list for PBXNativeTarget "FundraWidgetExtension" */ = {
			isa = XCConfigurationList;
			buildConfigurations = (
				FF11F06B2FF1093F00F53071 /* Debug configuration for PBXNativeTarget "FundraWidgetExtension" */,
				FF11F06C2FF1093F00F53071 /* Release configuration for PBXNativeTarget "FundraWidgetExtension" */,
			);
			defaultConfigurationName = Release;
		};
		FF875E652FDA23CC002D0F77 /* Build configuration list for PBXProject "Fundra" */ = {
			isa = XCConfigurationList;
			buildConfigurations = (
				FF875E892FDA23CD002D0F77 /* Debug configuration for PBXProject "Fundra" */,
				FF875E8A2FDA23CD002D0F77 /* Release configuration for PBXProject "Fundra" */,
			);
			defaultConfigurationName = Release;
		};
		FF875E8B2FDA23CD002D0F77 /* Build configuration list for PBXNativeTarget "Fundra" */ = {
			isa = XCConfigurationList;
			buildConfigurations = (
				FF875E8C2FDA23CD002D0F77 /* Debug configuration for PBXNativeTarget "Fundra" */,
				FF875E8D2FDA23CD002D0F77 /* Release configuration for PBXNativeTarget "Fundra" */,
			);
			defaultConfigurationName = Release;
		};
		FF875E8E2FDA23CD002D0F77 /* Build configuration list for PBXNativeTarget "FundraTests" */ = {
			isa = XCConfigurationList;
			buildConfigurations = (
				FF875E8F2FDA23CD002D0F77 /* Debug configuration for PBXNativeTarget "FundraTests" */,
				FF875E902FDA23CD002D0F77 /* Release configuration for PBXNativeTarget "FundraTests" */,
			);
			defaultConfigurationName = Release;
		};
		FF875E912FDA23CD002D0F77 /* Build configuration list for PBXNativeTarget "FundraUITests" */ = {
			isa = XCConfigurationList;
			buildConfigurations = (
				FF875E922FDA23CD002D0F77 /* Debug configuration for PBXNativeTarget "FundraUITests" */,
				FF875E932FDA23CD002D0F77 /* Release configuration for PBXNativeTarget "FundraUITests" */,
			);
			defaultConfigurationName = Release;
		};
/* End XCConfigurationList section */
	};
	rootObject = FF875E622FDA23CC002D0F77 /* Project object */;
	validationLevel = 1;
}
